github.com/davecgh/go-spew v1.1.0/go.mod h1:J7Y8YcW2NihsgmVo/mv3lAwl/skON4iLHjSsI+c5H38=
github.com/davecgh/go-spew v1.1.1 h1:vj9j/u1bqnvCEfJOwUhtlOARqs3+rkHYY13jYWTU97c=
github.com/davecgh/go-spew v1.1.1/go.mod h1:J7Y8YcW2NihsgmVo/mv3lAwl/skON4iLHjSsI+c5H38=
github.com/konsorten/go-windows-terminal-sequences v1.0.3/go.mod h1:T0+1ngSBFLxvqU3pZ+m/2kptfBszLMUkC4ZK/EgS/cQ=
github.com/pmezard/go-difflib v1.0.0 h1:4DBwDE0NGyQoBHbLQYPwSUPoCMWR5BEzIk/f1lZbAQM=
github.com/pmezard/go-difflib v1.0.0/go.mod h1:iKH77koFhYxTK1pcRnkKkqfTogsbg7gZNVY4sRDYZ/4=
github.com/shimmeringbee/bytecodec v0.0.0-20200216120857-49d677293817/go.mod h1:J/gvzi9IgGBHP1cBn++bqJ4tchSbgS10N2lmGMlqD3M=
github.com/shimmeringbee/bytecodec v0.0.0-20210111165458-877359ca1003/go.mod h1:iqI5PkiqY+Xq6Hu22TNhepAY00iJCfk9jiXKBUrMSQQ=
github.com/shimmeringbee/bytecodec v0.0.0-20210228205504-1e9e0677347b h1:8q7X6JQwYKjnl+Absfv9m+LbDSBBllqTDDKzmtZ1ybY=
github.com/shimmeringbee/bytecodec v0.0.0-20210228205504-1e9e0677347b/go.mod h1:WYnxfxTJ45UQ+xeAuuTSIalcEepgP8Rb7T/OhCaDdgo=
github.com/shimmeringbee/bytecodec v0.0.0-20240614104652-9d31c74dcd13 h1:GiNQq9XzoQerCE/eI8/NEPJ7W+iy0FRSn6whgnPlb3w=
github.com/shimmeringbee/bytecodec v0.0.0-20240614104652-9d31c74dcd13/go.mod h1:WYnxfxTJ45UQ+xeAuuTSIalcEepgP8Rb7T/OhCaDdgo=
github.com/shimmeringbee/logwrap v0.1.3 h1:1PqPGdgbeQxACQqc6RUWERn7EnpA1jbiHzXVYFa7q2A=
github.com/shimmeringbee/logwrap v0.1.3/go.mod h1:NBAcZCUl6aFOGnWTs8m67EUAmWFZXRhoRQf5nknY8W0=
github.com/shimmeringbee/persistence v0.0.0-20240521204303-bf4ab8a6b71b h1:hxMT4WUvcmJVzv4EgSGq4LvEoUZFdysWIznFTJoSRIU=
github.com/shimmeringbee/persistence v0.0.0-20240521204303-bf4ab8a6b71b/go.mod h1:Z5euPm65BHgTSRFgaWHByaXejU/J4oUqESV9k0VzQDU=
github.com/shimmeringbee/persistence v0.0.0-20240614103725-eec3415bbc98 h1:JoPko6ryVEW42pd4elhxbACWG1Jsf0EAzuh0ZOPNiPM=
github.com/shimmeringbee/persistence v0.0.0-20240614103725-eec3415bbc98/go.mod h1:Z5euPm65BHgTSRFgaWHByaXejU/J4oUqESV9k0VzQDU=
github.com/shimmeringbee/persistence v0.0.0-20240614122634-f587e84f4d9e h1:2D/91t0thwTrZrFhAPqEBwEUJceHbWXujhB1BqTVLFA=
github.com/shimmeringbee/persistence v0.0.0-20240614122634-f587e84f4d9e/go.mod h1:Z5euPm65BHgTSRFgaWHByaXejU/J4oUqESV9k0VzQDU=
github.com/shimmeringbee/persistence v0.0.0-20240614162125-05e0f3a3a718 h1:iX4hgz0ye0t2ZR+ny3O8U8vQGW2TSm4x7jY0YdqNiCM=
github.com/shimmeringbee/persistence v0.0.0-20240614162125-05e0f3a3a718/go.mod h1:Z5euPm65BHgTSRFgaWHByaXejU/J4oUqESV9k0VzQDU=
github.com/shimmeringbee/persistence v0.0.0-20240614163143-a99424e4d61c h1:c86y9DJNOsvZHZ/XAwfzdIxmvPPRPsWhqylF8Ok6xfg=
github.com/shimmeringbee/persistence v0.0.0-20240614163143-a99424e4d61c/go.mod h1:Ob1eKGYM7+9P3LkB9vB9nr15d3trtS4D9KOnGoxOkp8=
github.com/shimmeringbee/retry v0.0.0-20221006193055-2ce01bf139c2 h1:HxpPz7w7SxVf1GmcM5oTK1JK64TGpK1UflweYRSOwC4=
github.com/shimmeringbee/retry v0.0.0-20221006193055-2ce01bf139c2/go.mod h1:KYvVq5b7/BSSlWng+AKB5jwNGpc0D7eg8ySWrdPAlms=
github.com/shimmeringbee/retry v0.0.0-20240614104711-064c2726a8b4 h1:YU77guV/6/9nJymm4K1JH6MIx6yE/NfUnFX//yo3GfM=
github.com/shimmeringbee/retry v0.0.0-20240614104711-064c2726a8b4/go.mod h1:KYvVq5b7/BSSlWng+AKB5jwNGpc0D7eg8ySWrdPAlms=
github.com/shimmeringbee/unpi v0.0.0-20210111165207-f0210c6942fc/go.mod h1:iAt5R5HT+VC7B9U77uBmN5Z6+DJo4U0z6ag68NH2mMw=
github.com/shimmeringbee/unpi v0.0.0-20210525151328-7ede275a1033 h1:PQGdXelNwwcQH58S90MR0xA3GnikCnzt+xpDw0P4qxM=
github.com/shimmeringbee/unpi v0.0.0-20210525151328-7ede275a1033/go.mod h1:hOrncW6hd26Z18eayp99i7hNKj0aHtUx1SxXT49aEsk=
github.com/shimmeringbee/unpi v0.0.0-20240614104715-5284f961bafc h1:rK5Dsb3RAoJZcNCsGbFvn8QkSKRWPTWHJFgjU0pCupg=
github.com/shimmeringbee/unpi v0.0.0-20240614104715-5284f961bafc/go.mod h1:hOrncW6hd26Z18eayp99i7hNKj0aHtUx1SxXT49aEsk=
github.com/shimmeringbee/zcl v0.0.0-20240614104719-4eee02c0ffd1 h1:19JMz+jKs8poUPlmF769Z2e+zZjmACS+aLB2BHFTKHE=
github.com/shimmeringbee/zcl v0.0.0-20240614104719-4eee02c0ffd1/go.mod h1:DeGINQ0C9S61qBON9Zm2RArEBX4ap1LyHClfUgSUTEM=
github.com/shimmeringbee/zigbee v0.0.0-20240614090423-d67fd427d102 h1:SNuznHuBvY1iEbkOEP0jbmIvn2p0GQGlCNQAUyDmcRQ=
github.com/shimmeringbee/zigbee v0.0.0-20240614090423-d67fd427d102/go.mod h1:k5LLUXiOWq3hlNvMecCZRqamocgH9Zp9ocadrAfyCpw=
github.com/shimmeringbee/zigbee v0.0.0-20240614103911-3a30074e1528 h1:D5jQVQ/kMjiVp4bYYmuWdKvW81+1tv2arSTgiXKkWmM=
github.com/shimmeringbee/zigbee v0.0.0-20240614103911-3a30074e1528/go.mod h1:BDCm9qtlJANPiLY+YRQac/0awPxeUd3FUxUFPh+1w/s=
github.com/shimmeringbee/zigbee v0.0.0-20240614104723-f4c0c0231568 h1:DnZ/kbXJZtihjqB7mz92hhUeP0+v0jYl5DJIznWdlL4=
github.com/shimmeringbee/zigbee v0.0.0-20240614104723-f4c0c0231568/go.mod h1:BDCm9qtlJANPiLY+YRQac/0awPxeUd3FUxUFPh+1w/s=
github.com/sirupsen/logrus v1.6.0/go.mod h1:7uNnSEd1DgxDLC74fIahvMZmmYsHGZGEOFrfsX/uA88=
github.com/stretchr/objx v0.1.0/go.mod h1:HFkY916IF+rwdDfMAkV7OtwuqBVzrE8GR6GFx+wExME=
github.com/stretchr/objx v0.3.0/go.mod h1:qt09Ya8vawLte6SNmTgCsAVtYtaKzEcn8ATUoHMkEqE=
github.com/stretchr/objx v0.4.0/go.mod h1:YvHI0jy2hoMjB+UWwv71VJQ9isScKT/TqJzVSSt89Yw=
github.com/stretchr/objx v0.5.0/go.mod h1:Yh+to48EsGEfYuaHDzXPcE3xhTkx73EhmCGUpEOglKo=
github.com/stretchr/objx v0.5.2 h1:xuMeJ0Sdp5ZMRXx/aWO6RZxdr3beISkG5/G/aIRr3pY=
github.com/stretchr/objx v0.5.2/go.mod h1:FRsXN1f5AsAjCGJKqEizvkpNtU+EGNCLh3NxZ/8L+MA=
github.com/stretchr/testify v1.2.2/go.mod h1:a8OnRcib4nhh0OaRAV+Yts87kKdq0PP7pXfy6kDkUVs=
github.com/stretchr/testify v1.3.0/go.mod h1:M5WIy9Dh21IEIfnGCwXGc5bZfKNJtfHm1UVUgZn+9EI=
github.com/stretchr/testify v1.4.0/go.mod h1:j7eGeouHqKxXV5pUuKE4zz7dFj8WfuZ+81PSLYec5m4=
github.com/stretchr/testify v1.6.1/go.mod h1:6Fq8oRcR53rry900zMqJjRRixrwX3KX962/h/Wwjteg=
github.com/stretchr/testify v1.7.1/go.mod h1:6Fq8oRcR53rry900zMqJjRRixrwX3KX962/h/Wwjteg=
github.com/stretchr/testify v1.8.0/go.mod h1:yNjHg4UonilssWZ8iaSj1OCr/vHnekPRkoO+kdMU+MU=
github.com/stretchr/testify v1.8.4/go.mod h1:sz/lmYIOXD/1dqDmKjjqLyZ2RngseejIcXlSw2iwfAo=
github.com/stretchr/testify v1.9.0 h1:HtqpIVDClZ4nwg75+f6Lvsy/wHu+3BoSGCbBAcpTsTg=
github.com/stretchr/testify v1.9.0/go.mod h1:r2ic/lqez/lEtzL7wO/rwa5dbSLXVDPFyf8C91i36aY=
golang.org/x/sync v0.7.0 h1:YsImfSBoP9QPYL0xyKJPq0gcaJdG3rInoqxTWbfQu9M=
golang.org/x/sync v0.7.0/go.mod h1:Czt+wKu1gCyEFDUtn0jG5QVvpJ6rzVqr5aXyt9drQfk=
golang.org/x/sys v0.0.0-20190422165155-953cdadca894/go.mod h1:h1NjWce9XRLGQEsW7wpKNCjG9DtNlClVuFLEZdDNbEs=
gopkg.in/check.v1 v0.0.0-20161208181325-20d25e280405 h1:yhCVgyC4o1eVCa2tZl7eS0r+SDo693bJlVdllGtEeKM=
gopkg.in/check.v1 v0.0.0-20161208181325-20d25e280405/go.mod h1:Co6ibVJAznAaIkqp8huTwlJQCZ016jof/cbN4VW5Yz0=
gopkg.in/yaml.v2 v2.2.2/go.mod h1:hI93XBmqTisBFMUTm0b8Fm+jr3Dg1NNxqwp+5A1VGuI=
gopkg.in/yaml.v3 v3.0.0-20200313102051-9f266ea9e77c/go.mod h1:K4uyk7z7BCEPqu6E+C64Yfv1cQ7kz7rIZviUmN+EgEM=
gopkg.in/yaml.v3 v3.0.0/go.mod h1:K4uyk7z7BCEPqu6E+C64Yfv1cQ7kz7rIZviUmN+EgEM=
gopkg.in/yaml.v3 v3.0.1 h1:fxVm/GzAzEWqLHuvctI91KS9hhNmmWOoWu0XTYJS7CA=
gopkg.in/yaml.v3 v3.0.1/go.mod h1:K4uyk7z7BCEPqu6E+C64Yfv1cQ7kz7rIZviUmN+EgEM=
