github.com/davecgh/go-spew v1.1.0 h1:ZDRjVQ15GmhC3fiQ8ni8+OwkZQO4DARzQgrnXU1Liz8=
github.com/davecgh/go-spew v1.1.0/go.mod h1:J7Y8YcW2NihsgmVo/mv3lAwl/skON4iLHjSsI+c5H38=
github.com/pmezard/go-difflib v1.0.0 h1:4DBwDE0NGyQoBHbLQYPwSUPoCMWR5BEzIk/f1lZbAQM=
github.com/pmezard/go-difflib v1.0.0/go.mod h1:iKH77koFhYxTK1pcRnkKkqfTogsbg7gZNVY4sRDYZ/4=
github.com/shimmeringbee/bytecodec v0.0.0-20191116111328-f873abddc0ca h1:YVp0qaNSt+J34gXJ4C0nRr6xuRcKF+B+GlCMjsDOQwg=
github.com/shimmeringbee/bytecodec v0.0.0-20191116111328-f873abddc0ca/go.mod h1:J/gvzi9IgGBHP1cBn++bqJ4tchSbgS10N2lmGMlqD3M=
github.com/shimmeringbee/unpi v0.0.0-20200209134402-cbd0ca48ffea h1:n+VBCXLrKyEvLsZCh7XXgoDc9ccCzuNXZGLrGg4/nWo=
github.com/shimmeringbee/unpi v0.0.0-20200209134402-cbd0ca48ffea/go.mod h1:tCd6/CDw4VidtU3wJNxFJG3TH4VDuiQdRZp5AnX+dZc=
github.com/shimmeringbee/zigbee v0.0.0-20200211182017-3b25f1edbbb3 h1:7zeMZEzGAJIymlQRcFC968HjUF+H4SRMt0f34dQZ1to=
github.com/shimmeringbee/zigbee v0.0.0-20200211182017-3b25f1edbbb3/go.mod h1:WVZ5totAgMhUc1ubHym27LsKRnXv1MAiGyaDEs4dzak=
github.com/shimmeringbee/zigbee v0.0.0-20200211203343-845c277a2f38 h1:/tSS+6FeH71Zyugk6oF43hyQF9lbjCmjjkRxJUpfHvo=
github.com/shimmeringbee/zigbee v0.0.0-20200211203343-845c277a2f38/go.mod h1:WVZ5totAgMhUc1ubHym27LsKRnXv1MAiGyaDEs4dzak=
github.com/shimmeringbee/zigbee v0.0.0-20200211203343-f3e002996bf0 h1:zyzFDsFu8lh/0iev2dCLoogTC5R/s3CKvLnX1QREZnY=
github.com/shimmeringbee/zigbee v0.0.0-20200211203343-f3e002996bf0/go.mod h1:WVZ5totAgMhUc1ubHym27LsKRnXv1MAiGyaDEs4dzak=
github.com/shimmeringbee/zigbee v0.0.0-20200212085621-8c471d189190 h1:uFWh+iluVIA6XEvnoEkAzSmbYcS/rYcxbTNPCbXwvzc=
github.com/shimmeringbee/zigbee v0.0.0-20200212085621-8c471d189190/go.mod h1:WVZ5totAgMhUc1ubHym27LsKRnXv1MAiGyaDEs4dzak=
github.com/shimmeringbee/zigbee v0.0.0-20200212085753-da1320c8f2c3 h1:CUBljL2/W1YyX+hKGHh3bNx10Ji6SYXKZgwuHwGuOA8=
github.com/shimmeringbee/zigbee v0.0.0-20200212085753-da1320c8f2c3/go.mod h1:WVZ5totAgMhUc1ubHym27LsKRnXv1MAiGyaDEs4dzak=
github.com/stretchr/objx v0.1.0 h1:4G4v2dO3VZwixGIRoQ5Lfboy6nUhCyYzaqnIAPPhYs4=
github.com/stretchr/objx v0.1.0/go.mod h1:HFkY916IF+rwdDfMAkV7OtwuqBVzrE8GR6GFx+wExME=
github.com/stretchr/testify v1.4.0 h1:2E4SXV/wtOkTonXsotYi4li6zVWxYlZuYNCXe9XRJyk=
github.com/stretchr/testify v1.4.0/go.mod h1:j7eGeouHqKxXV5pUuKE4zz7dFj8WfuZ+81PSLYec5m4=
gopkg.in/check.v1 v0.0.0-20161208181325-20d25e280405 h1:yhCVgyC4o1eVCa2tZl7eS0r+SDo693bJlVdllGtEeKM=
gopkg.in/check.v1 v0.0.0-20161208181325-20d25e280405/go.mod h1:Co6ibVJAznAaIkqp8huTwlJQCZ016jof/cbN4VW5Yz0=
gopkg.in/yaml.v2 v2.2.2 h1:ZCJp+EgiOT7lHqUV2J862kp8Qj64Jo6az82+3Td9dZw=
gopkg.in/yaml.v2 v2.2.2/go.mod h1:hI93XBmqTisBFMUTm0b8Fm+jr3Dg1NNxqwp+5A1VGuI=
