github.com/davecgh/go-spew v1.1.0 h1:ZDRjVQ15GmhC3fiQ8ni8+OwkZQO4DARzQgrnXU1Liz8=
github.com/davecgh/go-spew v1.1.0/go.mod h1:J7Y8YcW2NihsgmVo/mv3lAwl/skON4iLHjSsI+c5H38=
github.com/davecgh/go-spew v1.1.1 h1:vj9j/u1bqnvCEfJOwUhtlOARqs3+rkHYY13jYWTU97c=
github.com/davecgh/go-spew v1.1.1/go.mod h1:J7Y8YcW2NihsgmVo/mv3lAwl/skON4iLHjSsI+c5H38=
github.com/konsorten/go-windows-terminal-sequences v1.0.3/go.mod h1:T0+1ngSBFLxvqU3pZ+m/2kptfBszLMUkC4ZK/EgS/cQ=
github.com/pmezard/go-difflib v1.0.0 h1:4DBwDE0NGyQoBHbLQYPwSUPoCMWR5BEzIk/f1lZbAQM=
github.com/pmezard/go-difflib v1.0.0/go.mod h1:iKH77koFhYxTK1pcRnkKkqfTogsbg7gZNVY4sRDYZ/4=
github.com/shimmeringbee/bytecodec v0.0.0-20200216120857-49d677293817/go.mod h1:J/gvzi9IgGBHP1cBn++bqJ4tchSbgS10N2lmGMlqD3M=
github.com/shimmeringbee/bytecodec v0.0.0-20210111165458-877359ca1003/go.mod h1:iqI5PkiqY+Xq6Hu22TNhepAY00iJCfk9jiXKBUrMSQQ=
github.com/shimmeringbee/bytecodec v0.0.0-20210113154719-e97672fe9012 h1:evpXaVtlNYHk8kU5DzFZIVe2X2ZRe9cgAtzHd1ktjjU=
github.com/shimmeringbee/bytecodec v0.0.0-20210113154719-e97672fe9012/go.mod h1:WYnxfxTJ45UQ+xeAuuTSIalcEepgP8Rb7T/OhCaDdgo=
github.com/shimmeringbee/bytecodec v0.0.0-20210228205504-1e9e0677347b h1:8q7X6JQwYKjnl+Absfv9m+LbDSBBllqTDDKzmtZ1ybY=
github.com/shimmeringbee/bytecodec v0.0.0-20210228205504-1e9e0677347b/go.mod h1:WYnxfxTJ45UQ+xeAuuTSIalcEepgP8Rb7T/OhCaDdgo=
github.com/shimmeringbee/logwrap v0.0.0-20201104114416-23aeb26f66f1 h1:HWCH7L4EyiipHROSw0iyPG0Nv9YUZHkYBGjo3BHCnko=
github.com/shimmeringbee/logwrap v0.0.0-20201104114416-23aeb26f66f1/go.mod h1:NBAcZCUl6aFOGnWTs8m67EUAmWFZXRhoRQf5nknY8W0=
github.com/shimmeringbee/logwrap v0.0.0-20210228205504-ec4498cd3a41 h1:ZyQT0LgUA8s7UyMRvi444yROU4TXFxvz3XIqpIvlgbs=
github.com/shimmeringbee/logwrap v0.0.0-20210228205504-ec4498cd3a41/go.mod h1:NBAcZCUl6aFOGnWTs8m67EUAmWFZXRhoRQf5nknY8W0=
github.com/shimmeringbee/retry v0.0.0-20201009192801-17b4f327c3e1 h1:XHZWCYRj+2lAwQhchW+SGbSeF/gTpZwROonbyT9u9A4=
github.com/shimmeringbee/retry v0.0.0-20201009192801-17b4f327c3e1/go.mod h1:FFeFkkqdD9vdDFr2la9PkSTQr6qgU9aBiGU3QKn8ZKY=
github.com/shimmeringbee/retry v0.0.0-20210228205505-2704f9c1c8a2 h1:BAAlZ6gR1/mUbbTIVLz2fXQnfkERO1PJYu+r3L+EqxM=
github.com/shimmeringbee/retry v0.0.0-20210228205505-2704f9c1c8a2/go.mod h1:FFeFkkqdD9vdDFr2la9PkSTQr6qgU9aBiGU3QKn8ZKY=
github.com/shimmeringbee/unpi v0.0.0-20210111165207-f0210c6942fc h1:NqnGsfB3x2yJHTGmCh05ns6P0fRt+0llHpXxiR5w9Us=
github.com/shimmeringbee/unpi v0.0.0-20210111165207-f0210c6942fc/go.mod h1:iAt5R5HT+VC7B9U77uBmN5Z6+DJo4U0z6ag68NH2mMw=
github.com/shimmeringbee/unpi v0.0.0-20210111171128-10074b5edd8f h1:rLLdpe771s3ImhjNl+Bop1FOjtDcwVcEDYGBXjnHOGM=
github.com/shimmeringbee/unpi v0.0.0-20210111171128-10074b5edd8f/go.mod h1:hOrncW6hd26Z18eayp99i7hNKj0aHtUx1SxXT49aEsk=
github.com/shimmeringbee/unpi v0.0.0-20210228205505-862f12969c1f h1:jZXsUdeA92pXoiuOOEUiuM3cbE6BFpih7y6Hb05D+H0=
github.com/shimmeringbee/unpi v0.0.0-20210228205505-862f12969c1f/go.mod h1:hOrncW6hd26Z18eayp99i7hNKj0aHtUx1SxXT49aEsk=
github.com/shimmeringbee/unpi v0.0.0-20210525151328-7ede275a1033 h1:PQGdXelNwwcQH58S90MR0xA3GnikCnzt+xpDw0P4qxM=
github.com/shimmeringbee/unpi v0.0.0-20210525151328-7ede275a1033/go.mod h1:hOrncW6hd26Z18eayp99i7hNKj0aHtUx1SxXT49aEsk=
github.com/shimmeringbee/zigbee v0.0.0-20210113202023-651b51432b13 h1:Zlu+99+PDDvkWAJwy2SvtCb+NKuVRAJ7fVBZ9J3gm6o=
github.com/shimmeringbee/zigbee v0.0.0-20210113202023-651b51432b13/go.mod h1:GMA6rVpzvUK16cZwi8uW11JUTx8xUGOk5DbkXYWvm/8=
github.com/shimmeringbee/zigbee v0.0.0-20210113204558-b0b1b8711592 h1:iD4w6TAkFqNoFk2WSUnjjD5kuFL4pf7ZnRsyykSKVIA=
github.com/shimmeringbee/zigbee v0.0.0-20210113204558-b0b1b8711592/go.mod h1:GMA6rVpzvUK16cZwi8uW11JUTx8xUGOk5DbkXYWvm/8=
github.com/shimmeringbee/zigbee v0.0.0-20210427191220-76676a734066 h1:3ClT9MdUGZToPHXmLM+pC5csq5XptJ6thQTQbhjV6Dw=
github.com/shimmeringbee/zigbee v0.0.0-20210427191220-76676a734066/go.mod h1:GMA6rVpzvUK16cZwi8uW11JUTx8xUGOk5DbkXYWvm/8=
github.com/sirupsen/logrus v1.6.0/go.mod h1:7uNnSEd1DgxDLC74fIahvMZmmYsHGZGEOFrfsX/uA88=
github.com/stretchr/objx v0.1.0 h1:4G4v2dO3VZwixGIRoQ5Lfboy6nUhCyYzaqnIAPPhYs4=
github.com/stretchr/objx v0.1.0/go.mod h1:HFkY916IF+rwdDfMAkV7OtwuqBVzrE8GR6GFx+wExME=
github.com/stretchr/objx v0.3.0 h1:NGXK3lHquSN08v5vWalVI/L8XU9hdzE/G6xsrze47As=
github.com/stretchr/objx v0.3.0/go.mod h1:qt09Ya8vawLte6SNmTgCsAVtYtaKzEcn8ATUoHMkEqE=
github.com/stretchr/testify v1.2.2/go.mod h1:a8OnRcib4nhh0OaRAV+Yts87kKdq0PP7pXfy6kDkUVs=
github.com/stretchr/testify v1.3.0/go.mod h1:M5WIy9Dh21IEIfnGCwXGc5bZfKNJtfHm1UVUgZn+9EI=
github.com/stretchr/testify v1.4.0 h1:2E4SXV/wtOkTonXsotYi4li6zVWxYlZuYNCXe9XRJyk=
github.com/stretchr/testify v1.4.0/go.mod h1:j7eGeouHqKxXV5pUuKE4zz7dFj8WfuZ+81PSLYec5m4=
github.com/stretchr/testify v1.5.1 h1:nOGnQDM7FYENwehXlg/kFVnos3rEvtKTjRvOWSzb6H4=
github.com/stretchr/testify v1.5.1/go.mod h1:5W2xD1RspED5o8YsWQXVCued0rvSQ+mT+I5cxcmMvtA=
github.com/stretchr/testify v1.6.1 h1:hDPOHmpOpP40lSULcqw7IrRb/u7w6RpDC9399XyoNd0=
github.com/stretchr/testify v1.6.1/go.mod h1:6Fq8oRcR53rry900zMqJjRRixrwX3KX962/h/Wwjteg=
github.com/stretchr/testify v1.7.0 h1:nwc3DEeHmmLAfoZucVR881uASk0Mfjw8xYJ99tb5CcY=
github.com/stretchr/testify v1.7.0/go.mod h1:6Fq8oRcR53rry900zMqJjRRixrwX3KX962/h/Wwjteg=
golang.org/x/sys v0.0.0-20190422165155-953cdadca894/go.mod h1:h1NjWce9XRLGQEsW7wpKNCjG9DtNlClVuFLEZdDNbEs=
gopkg.in/check.v1 v0.0.0-20161208181325-20d25e280405 h1:yhCVgyC4o1eVCa2tZl7eS0r+SDo693bJlVdllGtEeKM=
gopkg.in/check.v1 v0.0.0-20161208181325-20d25e280405/go.mod h1:Co6ibVJAznAaIkqp8huTwlJQCZ016jof/cbN4VW5Yz0=
gopkg.in/yaml.v2 v2.2.2 h1:ZCJp+EgiOT7lHqUV2J862kp8Qj64Jo6az82+3Td9dZw=
gopkg.in/yaml.v2 v2.2.2/go.mod h1:hI93XBmqTisBFMUTm0b8Fm+jr3Dg1NNxqwp+5A1VGuI=
gopkg.in/yaml.v3 v3.0.0-20200313102051-9f266ea9e77c h1:dUUwHk2QECo/6vqA44rthZ8ie2QXMNeKRTHCNY2nXvo=
gopkg.in/yaml.v3 v3.0.0-20200313102051-9f266ea9e77c/go.mod h1:K4uyk7z7BCEPqu6E+C64Yfv1cQ7kz7rIZviUmN+EgEM=
gopkg.in/yaml.v3 v3.0.0-20200615113413-eeeca48fe776 h1:tQIYjPdBoyREyB9XMu+nnTclpTYkz2zFM+lzLJFO4gQ=
gopkg.in/yaml.v3 v3.0.0-20200615113413-eeeca48fe776/go.mod h1:K4uyk7z7BCEPqu6E+C64Yfv1cQ7kz7rIZviUmN+EgEM=
gopkg.in/yaml.v3 v3.0.0-20210107192922-496545a6307b h1:h8qDotaEPuJATrMmW04NCwg7v22aHH28wwpauUhK9Oo=
gopkg.in/yaml.v3 v3.0.0-20210107192922-496545a6307b/go.mod h1:K4uyk7z7BCEPqu6E+C64Yfv1cQ7kz7rIZviUmN+EgEM=
